
Microsoft Visual Studio Solution File, Format Version 12.00
# Visual Studio Version 16
VisualStudioVersion = 16.0.29009.5
MinimumVisualStudioVersion = 10.0.40219.1
Project("{A07B5EB6-E848-4116-A8D0-A826331D98C6}") = "DepartmentPOC", "DepartmentPOC\DepartmentPOC.sfproj", "{024D163E-93E2-486F-9600-43CFF129F2E2}"
EndProject
Project("{9A19103F-16F7-4668-BE54-9A1E7A4F7556}") = "DepartmentWeb", "DepartmentWeb\DepartmentWeb.csproj", "{DB94ED3C-AB63-40F3-B4F9-D24F2D635E06}"
EndProject
Project("{9A19103F-16F7-4668-BE54-9A1E7A4F7556}") = "DepartmentAPI", "AdminDepartmentAPI\DepartmentAPI.csproj", "{641D05C5-91E7-4D62-9F47-44825AA44619}"
EndProject
Project("{9A19103F-16F7-4668-BE54-9A1E7A4F7556}") = "EmployeeAPI", "FinanceDepartmentAPI\EmployeeAPI.csproj", "{16AA01C2-D69B-42EF-A967-42907FD7A78B}"
EndProject
Global
	GlobalSection(SolutionConfigurationPlatforms) = preSolution
		Debug|Any CPU = Debug|Any CPU
		Debug|x64 = Debug|x64
		Release|Any CPU = Release|Any CPU
		Release|x64 = Release|x64
	EndGlobalSection
	GlobalSection(ProjectConfigurationPlatforms) = postSolution
		{024D163E-93E2-486F-9600-43CFF129F2E2}.Debug|Any CPU.ActiveCfg = Debug|x64
		{024D163E-93E2-486F-9600-43CFF129F2E2}.Debug|x64.ActiveCfg = Debug|x64
		{024D163E-93E2-486F-9600-43CFF129F2E2}.Debug|x64.Build.0 = Debug|x64
		{024D163E-93E2-486F-9600-43CFF129F2E2}.Debug|x64.Deploy.0 = Debug|x64
		{024D163E-93E2-486F-9600-43CFF129F2E2}.Release|Any CPU.ActiveCfg = Release|x64
		{024D163E-93E2-486F-9600-43CFF129F2E2}.Release|x64.ActiveCfg = Release|x64
		{024D163E-93E2-486F-9600-43CFF129F2E2}.Release|x64.Build.0 = Release|x64
		{024D163E-93E2-486F-9600-43CFF129F2E2}.Release|x64.Deploy.0 = Release|x64
		{DB94ED3C-AB63-40F3-B4F9-D24F2D635E06}.Debug|Any CPU.ActiveCfg = Debug|Any CPU
		{DB94ED3C-AB63-40F3-B4F9-D24F2D635E06}.Debug|Any CPU.Build.0 = Debug|Any CPU
		{DB94ED3C-AB63-40F3-B4F9-D24F2D635E06}.Debug|x64.ActiveCfg = Debug|Any CPU
		{DB94ED3C-AB63-40F3-B4F9-D24F2D635E06}.Debug|x64.Build.0 = Debug|Any CPU
		{DB94ED3C-AB63-40F3-B4F9-D24F2D635E06}.Release|Any CPU.ActiveCfg = Release|Any CPU
		{DB94ED3C-AB63-40F3-B4F9-D24F2D635E06}.Release|Any CPU.Build.0 = Release|Any CPU
		{DB94ED3C-AB63-40F3-B4F9-D24F2D635E06}.Release|x64.ActiveCfg = Release|Any CPU
		{DB94ED3C-AB63-40F3-B4F9-D24F2D635E06}.Release|x64.Build.0 = Release|Any CPU
		{641D05C5-91E7-4D62-9F47-44825AA44619}.Debug|Any CPU.ActiveCfg = Debug|Any CPU
		{641D05C5-91E7-4D62-9F47-44825AA44619}.Debug|Any CPU.Build.0 = Debug|Any CPU
		{641D05C5-91E7-4D62-9F47-44825AA44619}.Debug|x64.ActiveCfg = Debug|Any CPU
		{641D05C5-91E7-4D62-9F47-44825AA44619}.Debug|x64.Build.0 = Debug|Any CPU
		{641D05C5-91E7-4D62-9F47-44825AA44619}.Release|Any CPU.ActiveCfg = Release|Any CPU
		{641D05C5-91E7-4D62-9F47-44825AA44619}.Release|Any CPU.Build.0 = Release|Any CPU
		{641D05C5-91E7-4D62-9F47-44825AA44619}.Release|x64.ActiveCfg = Release|Any CPU
		{641D05C5-91E7-4D62-9F47-44825AA44619}.Release|x64.Build.0 = Release|Any CPU
		{16AA01C2-D69B-42EF-A967-42907FD7A78B}.Debug|Any CPU.ActiveCfg = Debug|Any CPU
		{16AA01C2-D69B-42EF-A967-42907FD7A78B}.Debug|Any CPU.Build.0 = Debug|Any CPU
		{16AA01C2-D69B-42EF-A967-42907FD7A78B}.Debug|x64.ActiveCfg = Debug|Any CPU
		{16AA01C2-D69B-42EF-A967-42907FD7A78B}.Debug|x64.Build.0 = Debug|Any CPU
		{16AA01C2-D69B-42EF-A967-42907FD7A78B}.Release|Any CPU.ActiveCfg = Release|Any CPU
		{16AA01C2-D69B-42EF-A967-42907FD7A78B}.Release|Any CPU.Build.0 = Release|Any CPU
		{16AA01C2-D69B-42EF-A967-42907FD7A78B}.Release|x64.ActiveCfg = Release|Any CPU
		{16AA01C2-D69B-42EF-A967-42907FD7A78B}.Release|x64.Build.0 = Release|Any CPU
	EndGlobalSection
	GlobalSection(SolutionProperties) = preSolution
		HideSolutionNode = FALSE
	EndGlobalSection
	GlobalSection(ExtensibilityGlobals) = postSolution
		SolutionGuid = {1B1F6131-F0AB-45C1-B883-EE6FF42E7269}
	EndGlobalSection
EndGlobal
